// !$*UTF8*$!
{
	archiveVersion = 1;
	classes = {
	};
	objectVersion = 55;
	objects = {

/* Begin PBXBuildFile section */
		8C2350BB28C5ECE9007900F9 /* Kingfisher in Frameworks */ = {isa = PBXBuildFile; productRef = 8C2350BA28C5ECE9007900F9 /* Kingfisher */; };
		8C2350BE28C71A4A007900F9 /* FeedUploadInput.swift in Sources */ = {isa = PBXBuildFile; fileRef = 8C2350BD28C71A4A007900F9 /* FeedUploadInput.swift */; };
		8C2350C028C71AB2007900F9 /* FeedUploadModel.swift in Sources */ = {isa = PBXBuildFile; fileRef = 8C2350BF28C71AB2007900F9 /* FeedUploadModel.swift */; };
		8C2350C228C71B80007900F9 /* FeedUploadDataManager.swift in Sources */ = {isa = PBXBuildFile; fileRef = 8C2350C128C71B80007900F9 /* FeedUploadDataManager.swift */; };
		8C2350C628C720FB007900F9 /* UserFeedModel.swift in Sources */ = {isa = PBXBuildFile; fileRef = 8C2350C528C720FB007900F9 /* UserFeedModel.swift */; };
		8C2350C828C724ED007900F9 /* UserFeedDataManager.swift in Sources */ = {isa = PBXBuildFile; fileRef = 8C2350C728C724ED007900F9 /* UserFeedDataManager.swift */; };
		8C2350CA28C8A0C8007900F9 /* DeleteUserFeed.swift in Sources */ = {isa = PBXBuildFile; fileRef = 8C2350C928C8A0C8007900F9 /* DeleteUserFeed.swift */; };
		8C2350CC28C9D31B007900F9 /* ReelsViewController.swift in Sources */ = {isa = PBXBuildFile; fileRef = 8C2350CB28C9D31B007900F9 /* ReelsViewController.swift */; };
		8C274EE228C10B9600396984 /* PostCollectionViewCell.swift in Sources */ = {isa = PBXBuildFile; fileRef = 8C274EE028C10B9600396984 /* PostCollectionViewCell.swift */; };
		8C274EE328C10B9600396984 /* PostCollectionViewCell.xib in Resources */ = {isa = PBXBuildFile; fileRef = 8C274EE128C10B9600396984 /* PostCollectionViewCell.xib */; };
		8C2F3FB728B605CE003A1AA3 /* AppDelegate.swift in Sources */ = {isa = PBXBuildFile; fileRef = 8C2F3FB628B605CE003A1AA3 /* AppDelegate.swift */; };
		8C2F3FB928B605CE003A1AA3 /* SceneDelegate.swift in Sources */ = {isa = PBXBuildFile; fileRef = 8C2F3FB828B605CE003A1AA3 /* SceneDelegate.swift */; };
		8C2F3FBB28B605CE003A1AA3 /* ViewController.swift in Sources */ = {isa = PBXBuildFile; fileRef = 8C2F3FBA28B605CE003A1AA3 /* ViewController.swift */; };
		8C2F3FBE28B605CE003A1AA3 /* Main.storyboard in Resources */ = {isa = PBXBuildFile; fileRef = 8C2F3FBC28B605CE003A1AA3 /* Main.storyboard */; };
		8C2F3FC028B605CF003A1AA3 /* Assets.xcassets in Resources */ = {isa = PBXBuildFile; fileRef = 8C2F3FBF28B605CF003A1AA3 /* Assets.xcassets */; };
		8C2F3FC328B605CF003A1AA3 /* LaunchScreen.storyboard in Resources */ = {isa = PBXBuildFile; fileRef = 8C2F3FC128B605CF003A1AA3 /* LaunchScreen.storyboard */; };
		8C2F3FCB28B61BA4003A1AA3 /* LoginViewController.swift in Sources */ = {isa = PBXBuildFile; fileRef = 8C2F3FCA28B61BA4003A1AA3 /* LoginViewController.swift */; };
		8C2F3FCD28B6202B003A1AA3 /* RegisterViewController.swift in Sources */ = {isa = PBXBuildFile; fileRef = 8C2F3FCC28B6202B003A1AA3 /* RegisterViewController.swift */; };
		8C34084828C5C88200DB7A66 /* TradeViewController.swift in Sources */ = {isa = PBXBuildFile; fileRef = 8C34084728C5C88200DB7A66 /* TradeViewController.swift */; };
		8C34084B28C5CBC800DB7A66 /* TradeTableViewCell.swift in Sources */ = {isa = PBXBuildFile; fileRef = 8C34084928C5CBC800DB7A66 /* TradeTableViewCell.swift */; };
		8C34084C28C5CBC800DB7A66 /* TradeTableViewCell.xib in Resources */ = {isa = PBXBuildFile; fileRef = 8C34084A28C5CBC800DB7A66 /* TradeTableViewCell.xib */; };
		8C34084E28C5D27A00DB7A66 /* TradeResultViewController.swift in Sources */ = {isa = PBXBuildFile; fileRef = 8C34084D28C5D27A00DB7A66 /* TradeResultViewController.swift */; };
		8C34085128C5E4B900DB7A66 /* FeedAPIInput.swift in Sources */ = {isa = PBXBuildFile; fileRef = 8C34085028C5E4B900DB7A66 /* FeedAPIInput.swift */; };
		8C34085328C5E56400DB7A66 /* FeedModel.swift in Sources */ = {isa = PBXBuildFile; fileRef = 8C34085228C5E56400DB7A66 /* FeedModel.swift */; };
		8C34085528C5E5A200DB7A66 /* FeedDataManager.swift in Sources */ = {isa = PBXBuildFile; fileRef = 8C34085428C5E5A200DB7A66 /* FeedDataManager.swift */; };
		8C7D3B5828BFA5440067F028 /* ProfileViewController.swift in Sources */ = {isa = PBXBuildFile; fileRef = 8C7D3B5728BFA5440067F028 /* ProfileViewController.swift */; };
		8C7D3B5C28BFA8630067F028 /* ProfileCollectionViewCell.swift in Sources */ = {isa = PBXBuildFile; fileRef = 8C7D3B5A28BFA8630067F028 /* ProfileCollectionViewCell.swift */; };
		8C7D3B5D28BFA8630067F028 /* ProfileCollectionViewCell.xib in Resources */ = {isa = PBXBuildFile; fileRef = 8C7D3B5B28BFA8630067F028 /* ProfileCollectionViewCell.xib */; };
		8C7DA53828D068FA00791DB1 /* Pods_Campstagram.framework in Frameworks */ = {isa = PBXBuildFile; fileRef = DFD3ED3F578F152A67782A75 /* Pods_Campstagram.framework */; };
		8C7DA53D28D06BFE00791DB1 /* SnapKit in Frameworks */ = {isa = PBXBuildFile; productRef = 8C7DA53C28D06BFE00791DB1 /* SnapKit */; };
		8C7DA53F28D06C5E00791DB1 /* ReelsCollectionCell.swift in Sources */ = {isa = PBXBuildFile; fileRef = 8C7DA53E28D06C5E00791DB1 /* ReelsCollectionCell.swift */; };
		8C7DA54128D06E2500791DB1 /* VideoPlayerView.swift in Sources */ = {isa = PBXBuildFile; fileRef = 8C7DA54028D06E2500791DB1 /* VideoPlayerView.swift */; };
		8C7DA54528D0776800791DB1 /* dummyVideo.mp4 in Resources */ = {isa = PBXBuildFile; fileRef = 8C7DA54428D0776800791DB1 /* dummyVideo.mp4 */; };
		8C7DA54728D0778B00791DB1 /* dummyVideo2.mp4 in Resources */ = {isa = PBXBuildFile; fileRef = 8C7DA54628D0778B00791DB1 /* dummyVideo2.mp4 */; };
		8C7DA55028D1AFC900791DB1 /* Login.jpg in Resources */ = {isa = PBXBuildFile; fileRef = 8C7DA54E28D1AFC900791DB1 /* Login.jpg */; };
		8C7DA55128D1AFC900791DB1 /* Register.jpg in Resources */ = {isa = PBXBuildFile; fileRef = 8C7DA54F28D1AFC900791DB1 /* Register.jpg */; };
		8C7DA55328D1BDC900791DB1 /* campuslogo.png in Resources */ = {isa = PBXBuildFile; fileRef = 8C7DA55228D1BDC900791DB1 /* campuslogo.png */; };
		8C7DA55528D1BEC900791DB1 /* Assets.xcassets in Resources */ = {isa = PBXBuildFile; fileRef = 8C7DA55428D1BEC900791DB1 /* Assets.xcassets */; };
		8C8966A528BDED8300F7200D /* HomeViewController.swift in Sources */ = {isa = PBXBuildFile; fileRef = 8C8966A428BDED8300F7200D /* HomeViewController.swift */; };
		8C8966A928BDF08400F7200D /* FeedTableViewCell.swift in Sources */ = {isa = PBXBuildFile; fileRef = 8C8966A728BDF08400F7200D /* FeedTableViewCell.swift */; };
		8C8966AA28BDF08400F7200D /* FeedTableViewCell.xib in Resources */ = {isa = PBXBuildFile; fileRef = 8C8966A828BDF08400F7200D /* FeedTableViewCell.xib */; };
		8C8966AD28BE066B00F7200D /* StoryTableViewCell.swift in Sources */ = {isa = PBXBuildFile; fileRef = 8C8966AB28BE066B00F7200D /* StoryTableViewCell.swift */; };
		8C8966AE28BE066B00F7200D /* StoryTableViewCell.xib in Resources */ = {isa = PBXBuildFile; fileRef = 8C8966AC28BE066B00F7200D /* StoryTableViewCell.xib */; };
		8C8966B128BE0AF900F7200D /* StoryCollectionViewCell.swift in Sources */ = {isa = PBXBuildFile; fileRef = 8C8966AF28BE0AF900F7200D /* StoryCollectionViewCell.swift */; };
		8C8966B228BE0AF900F7200D /* StoryCollectionViewCell.xib in Resources */ = {isa = PBXBuildFile; fileRef = 8C8966B028BE0AF900F7200D /* StoryCollectionViewCell.xib */; };
		8C95C48F28B90EEF00E7351E /* UIView+Extension.swift in Sources */ = {isa = PBXBuildFile; fileRef = 8C95C48E28B90EEF00E7351E /* UIView+Extension.swift */; };
		8C95C49128B9109200E7351E /* UIVIewController+Extension.swift in Sources */ = {isa = PBXBuildFile; fileRef = 8C95C49028B9109200E7351E /* UIVIewController+Extension.swift */; };
		8C95C49328BBB14200E7351E /* UserInfo.swift in Sources */ = {isa = PBXBuildFile; fileRef = 8C95C49228BBB14200E7351E /* UserInfo.swift */; };
/* End PBXBuildFile section */

/* Begin PBXFileReference section */
		58A209D5AA5A8F66EECFEEC6 /* Pods-Campstagram.debug.xcconfig */ = {isa = PBXFileReference; includeInIndex = 1; lastKnownFileType = text.xcconfig; name = "Pods-Campstagram.debug.xcconfig"; path = "Target Support Files/Pods-Campstagram/Pods-Campstagram.debug.xcconfig"; sourceTree = "<group>"; };
		8C2350BD28C71A4A007900F9 /* FeedUploadInput.swift */ = {isa = PBXFileReference; lastKnownFileType = sourcecode.swift; path = FeedUploadInput.swift; sourceTree = "<group>"; };
		8C2350BF28C71AB2007900F9 /* FeedUploadModel.swift */ = {isa = PBXFileReference; lastKnownFileType = sourcecode.swift; path = FeedUploadModel.swift; sourceTree = "<group>"; };
		8C2350C128C71B80007900F9 /* FeedUploadDataManager.swift */ = {isa = PBXFileReference; lastKnownFileType = sourcecode.swift; path = FeedUploadDataManager.swift; sourceTree = "<group>"; };
		8C2350C528C720FB007900F9 /* UserFeedModel.swift */ = {isa = PBXFileReference; lastKnownFileType = sourcecode.swift; path = UserFeedModel.swift; sourceTree = "<group>"; };
		8C2350C728C724ED007900F9 /* UserFeedDataManager.swift */ = {isa = PBXFileReference; lastKnownFileType = sourcecode.swift; path = UserFeedDataManager.swift; sourceTree = "<group>"; };
		8C2350C928C8A0C8007900F9 /* DeleteUserFeed.swift */ = {isa = PBXFileReference; lastKnownFileType = sourcecode.swift; path = DeleteUserFeed.swift; sourceTree = "<group>"; };
		8C2350CB28C9D31B007900F9 /* ReelsViewController.swift */ = {isa = PBXFileReference; lastKnownFileType = sourcecode.swift; path = ReelsViewController.swift; sourceTree = "<group>"; };
		8C274EE028C10B9600396984 /* PostCollectionViewCell.swift */ = {isa = PBXFileReference; lastKnownFileType = sourcecode.swift; path = PostCollectionViewCell.swift; sourceTree = "<group>"; };
		8C274EE128C10B9600396984 /* PostCollectionViewCell.xib */ = {isa = PBXFileReference; lastKnownFileType = file.xib; path = PostCollectionViewCell.xib; sourceTree = "<group>"; };
		8C2F3FB328B605CE003A1AA3 /* Campstagram.app */ = {isa = PBXFileReference; explicitFileType = wrapper.application; includeInIndex = 0; path = Campstagram.app; sourceTree = BUILT_PRODUCTS_DIR; };
		8C2F3FB628B605CE003A1AA3 /* AppDelegate.swift */ = {isa = PBXFileReference; lastKnownFileType = sourcecode.swift; path = AppDelegate.swift; sourceTree = "<group>"; };
		8C2F3FB828B605CE003A1AA3 /* SceneDelegate.swift */ = {isa = PBXFileReference; lastKnownFileType = sourcecode.swift; path = SceneDelegate.swift; sourceTree = "<group>"; };
		8C2F3FBA28B605CE003A1AA3 /* ViewController.swift */ = {isa = PBXFileReference; lastKnownFileType = sourcecode.swift; path = ViewController.swift; sourceTree = "<group>"; };
		8C2F3FBD28B605CE003A1AA3 /* Base */ = {isa = PBXFileReference; lastKnownFileType = file.storyboard; name = Base; path = Base.lproj/Main.storyboard; sourceTree = "<group>"; };
		8C2F3FBF28B605CF003A1AA3 /* Assets.xcassets */ = {isa = PBXFileReference; lastKnownFileType = folder.assetcatalog; path = Assets.xcassets; sourceTree = "<group>"; };
		8C2F3FC228B605CF003A1AA3 /* Base */ = {isa = PBXFileReference; lastKnownFileType = file.storyboard; name = Base; path = Base.lproj/LaunchScreen.storyboard; sourceTree = "<group>"; };
		8C2F3FC428B605CF003A1AA3 /* Info.plist */ = {isa = PBXFileReference; lastKnownFileType = text.plist.xml; path = Info.plist; sourceTree = "<group>"; };
		8C2F3FCA28B61BA4003A1AA3 /* LoginViewController.swift */ = {isa = PBXFileReference; lastKnownFileType = sourcecode.swift; path = LoginViewController.swift; sourceTree = "<group>"; };
		8C2F3FCC28B6202B003A1AA3 /* RegisterViewController.swift */ = {isa = PBXFileReference; lastKnownFileType = sourcecode.swift; path = RegisterViewController.swift; sourceTree = "<group>"; };
		8C34084728C5C88200DB7A66 /* TradeViewController.swift */ = {isa = PBXFileReference; lastKnownFileType = sourcecode.swift; path = TradeViewController.swift; sourceTree = "<group>"; };
		8C34084928C5CBC800DB7A66 /* TradeTableViewCell.swift */ = {isa = PBXFileReference; lastKnownFileType = sourcecode.swift; name = TradeTableViewCell.swift; path = Campstagram/Trade/TradeTableViewCell.swift; sourceTree = SOURCE_ROOT; };
		8C34084A28C5CBC800DB7A66 /* TradeTableViewCell.xib */ = {isa = PBXFileReference; lastKnownFileType = file.xib; name = TradeTableViewCell.xib; path = Campstagram/Trade/TradeTableViewCell.xib; sourceTree = SOURCE_ROOT; };
		8C34084D28C5D27A00DB7A66 /* TradeResultViewController.swift */ = {isa = PBXFileReference; lastKnownFileType = sourcecode.swift; path = TradeResultViewController.swift; sourceTree = "<group>"; };
		8C34085028C5E4B900DB7A66 /* FeedAPIInput.swift */ = {isa = PBXFileReference; lastKnownFileType = sourcecode.swift; path = FeedAPIInput.swift; sourceTree = "<group>"; };
		8C34085228C5E56400DB7A66 /* FeedModel.swift */ = {isa = PBXFileReference; lastKnownFileType = sourcecode.swift; path = FeedModel.swift; sourceTree = "<group>"; };
		8C34085428C5E5A200DB7A66 /* FeedDataManager.swift */ = {isa = PBXFileReference; lastKnownFileType = sourcecode.swift; path = FeedDataManager.swift; sourceTree = "<group>"; };
		8C7D3B5728BFA5440067F028 /* ProfileViewController.swift */ = {isa = PBXFileReference; lastKnownFileType = sourcecode.swift; path = ProfileViewController.swift; sourceTree = "<group>"; };
		8C7D3B5A28BFA8630067F028 /* ProfileCollectionViewCell.swift */ = {isa = PBXFileReference; lastKnownFileType = sourcecode.swift; path = ProfileCollectionViewCell.swift; sourceTree = "<group>"; };
		8C7D3B5B28BFA8630067F028 /* ProfileCollectionViewCell.xib */ = {isa = PBXFileReference; lastKnownFileType = file.xib; path = ProfileCollectionViewCell.xib; sourceTree = "<group>"; };
		8C7DA52D28D0680100791DB1 /* Alamofire.framework */ = {isa = PBXFileReference; explicitFileType = wrapper.framework; path = Alamofire.framework; sourceTree = BUILT_PRODUCTS_DIR; };
		8C7DA53428D068E200791DB1 /* Alamofire.framework */ = {isa = PBXFileReference; explicitFileType = wrapper.framework; path = Alamofire.framework; sourceTree = BUILT_PRODUCTS_DIR; };
		8C7DA53E28D06C5E00791DB1 /* ReelsCollectionCell.swift */ = {isa = PBXFileReference; lastKnownFileType = sourcecode.swift; path = ReelsCollectionCell.swift; sourceTree = "<group>"; };
		8C7DA54028D06E2500791DB1 /* VideoPlayerView.swift */ = {isa = PBXFileReference; lastKnownFileType = sourcecode.swift; path = VideoPlayerView.swift; sourceTree = "<group>"; };
		8C7DA54428D0776800791DB1 /* dummyVideo.mp4 */ = {isa = PBXFileReference; lastKnownFileType = file; path = dummyVideo.mp4; sourceTree = "<group>"; };
		8C7DA54628D0778B00791DB1 /* dummyVideo2.mp4 */ = {isa = PBXFileReference; lastKnownFileType = file; path = dummyVideo2.mp4; sourceTree = "<group>"; };
		8C7DA54E28D1AFC900791DB1 /* Login.jpg */ = {isa = PBXFileReference; lastKnownFileType = image.jpeg; path = Login.jpg; sourceTree = "<group>"; };
		8C7DA54F28D1AFC900791DB1 /* Register.jpg */ = {isa = PBXFileReference; lastKnownFileType = image.jpeg; path = Register.jpg; sourceTree = "<group>"; };
		8C7DA55228D1BDC900791DB1 /* campuslogo.png */ = {isa = PBXFileReference; lastKnownFileType = image.png; path = campuslogo.png; sourceTree = "<group>"; };
		8C7DA55428D1BEC900791DB1 /* Assets.xcassets */ = {isa = PBXFileReference; lastKnownFileType = folder.assetcatalog; name = Assets.xcassets; path = "../../../Downloads/AppIcons (1)/Assets.xcassets"; sourceTree = "<group>"; };
		8C8966A428BDED8300F7200D /* HomeViewController.swift */ = {isa = PBXFileReference; lastKnownFileType = sourcecode.swift; path = HomeViewController.swift; sourceTree = "<group>"; };
		8C8966A728BDF08400F7200D /* FeedTableViewCell.swift */ = {isa = PBXFileReference; lastKnownFileType = sourcecode.swift; path = FeedTableViewCell.swift; sourceTree = "<group>"; };
		8C8966A828BDF08400F7200D /* FeedTableViewCell.xib */ = {isa = PBXFileReference; lastKnownFileType = file.xib; path = FeedTableViewCell.xib; sourceTree = "<group>"; };
		8C8966AB28BE066B00F7200D /* StoryTableViewCell.swift */ = {isa = PBXFileReference; lastKnownFileType = sourcecode.swift; path = StoryTableViewCell.swift; sourceTree = "<group>"; };
		8C8966AC28BE066B00F7200D /* StoryTableViewCell.xib */ = {isa = PBXFileReference; lastKnownFileType = file.xib; path = StoryTableViewCell.xib; sourceTree = "<group>"; };
		8C8966AF28BE0AF900F7200D /* StoryCollectionViewCell.swift */ = {isa = PBXFileReference; lastKnownFileType = sourcecode.swift; path = StoryCollectionViewCell.swift; sourceTree = "<group>"; };
		8C8966B028BE0AF900F7200D /* StoryCollectionViewCell.xib */ = {isa = PBXFileReference; lastKnownFileType = file.xib; path = StoryCollectionViewCell.xib; sourceTree = "<group>"; };
		8C95C48E28B90EEF00E7351E /* UIView+Extension.swift */ = {isa = PBXFileReference; lastKnownFileType = sourcecode.swift; path = "UIView+Extension.swift"; sourceTree = "<group>"; };
		8C95C49028B9109200E7351E /* UIVIewController+Extension.swift */ = {isa = PBXFileReference; lastKnownFileType = sourcecode.swift; path = "UIVIewController+Extension.swift"; sourceTree = "<group>"; };
		8C95C49228BBB14200E7351E /* UserInfo.swift */ = {isa = PBXFileReference; lastKnownFileType = sourcecode.swift; path = UserInfo.swift; sourceTree = "<group>"; };
		DFD3ED3F578F152A67782A75 /* Pods_Campstagram.framework */ = {isa = PBXFileReference; explicitFileType = wrapper.framework; includeInIndex = 0; path = Pods_Campstagram.framework; sourceTree = BUILT_PRODUCTS_DIR; };
		F6A616ECA9BA36559DAA91A8 /* Pods-Campstagram.release.xcconfig */ = {isa = PBXFileReference; includeInIndex = 1; lastKnownFileType = text.xcconfig; name = "Pods-Campstagram.release.xcconfig"; path = "Target Support Files/Pods-Campstagram/Pods-Campstagram.release.xcconfig"; sourceTree = "<group>"; };
/* End PBXFileReference section */

/* Begin PBXFrameworksBuildPhase section */
		8C2F3FB028B605CE003A1AA3 /* Frameworks */ = {
			isa = PBXFrameworksBuildPhase;
			buildActionMask = 2147483647;
			files = (
				8C7DA53D28D06BFE00791DB1 /* SnapKit in Frameworks */,
				8C2350BB28C5ECE9007900F9 /* Kingfisher in Frameworks */,
				8C7DA53828D068FA00791DB1 /* Pods_Campstagram.framework in Frameworks */,
			);
			runOnlyForDeploymentPostprocessing = 0;
		};
/* End PBXFrameworksBuildPhase section */

/* Begin PBXGroup section */
		533A9E1D467D0A86432CA1BB /* Pods */ = {
			isa = PBXGroup;
			children = (
				58A209D5AA5A8F66EECFEEC6 /* Pods-Campstagram.debug.xcconfig */,
				F6A616ECA9BA36559DAA91A8 /* Pods-Campstagram.release.xcconfig */,
			);
			path = Pods;
			sourceTree = "<group>";
		};
		8C2350BC28C71A1D007900F9 /* FeedUploadDataManager */ = {
			isa = PBXGroup;
			children = (
				8C2350BD28C71A4A007900F9 /* FeedUploadInput.swift */,
				8C2350BF28C71AB2007900F9 /* FeedUploadModel.swift */,
				8C2350C128C71B80007900F9 /* FeedUploadDataManager.swift */,
			);
			path = FeedUploadDataManager;
			sourceTree = "<group>";
		};
		8C2350C328C71F14007900F9 /* App */ = {
			isa = PBXGroup;
			children = (
				8C2F3FB628B605CE003A1AA3 /* AppDelegate.swift */,
				8C2F3FB828B605CE003A1AA3 /* SceneDelegate.swift */,
			);
			path = App;
			sourceTree = "<group>";
		};
		8C2350C428C720CB007900F9 /* UserFeedDataManager */ = {
			isa = PBXGroup;
			children = (
				8C2350C528C720FB007900F9 /* UserFeedModel.swift */,
				8C2350C728C724ED007900F9 /* UserFeedDataManager.swift */,
				8C2350C928C8A0C8007900F9 /* DeleteUserFeed.swift */,
			);
			path = UserFeedDataManager;
			sourceTree = "<group>";
		};
		8C274EDE28C10B6700396984 /* ProfileCell */ = {
			isa = PBXGroup;
			children = (
				8C7D3B5A28BFA8630067F028 /* ProfileCollectionViewCell.swift */,
				8C7D3B5B28BFA8630067F028 /* ProfileCollectionViewCell.xib */,
			);
			path = ProfileCell;
			sourceTree = "<group>";
		};
		8C274EDF28C10B7800396984 /* PostCell */ = {
			isa = PBXGroup;
			children = (
				8C274EE028C10B9600396984 /* PostCollectionViewCell.swift */,
				8C274EE128C10B9600396984 /* PostCollectionViewCell.xib */,
			);
			path = PostCell;
			sourceTree = "<group>";
		};
		8C2F3FAA28B605CE003A1AA3 = {
			isa = PBXGroup;
			children = (
				8C2F3FB528B605CE003A1AA3 /* Campstagram */,
				8C2F3FB428B605CE003A1AA3 /* Products */,
				533A9E1D467D0A86432CA1BB /* Pods */,
				FFCF421500C1FCB11CC705F0 /* Frameworks */,
			);
			sourceTree = "<group>";
		};
		8C2F3FB428B605CE003A1AA3 /* Products */ = {
			isa = PBXGroup;
			children = (
				8C2F3FB328B605CE003A1AA3 /* Campstagram.app */,
			);
			name = Products;
			sourceTree = "<group>";
		};
		8C2F3FB528B605CE003A1AA3 /* Campstagram */ = {
			isa = PBXGroup;
			children = (
				8C7DA54428D0776800791DB1 /* dummyVideo.mp4 */,
				8C7DA54628D0778B00791DB1 /* dummyVideo2.mp4 */,
				8C34084628C5C7D900DB7A66 /* Extension */,
				8C34084528C5C7A600DB7A66 /* Login */,
				8C34084228C5C74400DB7A66 /* Trade */,
				8C7D3B5628BFA51D0067F028 /* Profile */,
				8C8966A328BDED5800F7200D /* Home */,
				8C2350C328C71F14007900F9 /* App */,
				8C2F3FBA28B605CE003A1AA3 /* ViewController.swift */,
				8C2F3FBC28B605CE003A1AA3 /* Main.storyboard */,
				8C7DA55228D1BDC900791DB1 /* campuslogo.png */,
				8C2350CB28C9D31B007900F9 /* ReelsViewController.swift */,
				8C7DA53E28D06C5E00791DB1 /* ReelsCollectionCell.swift */,
				8C7DA54028D06E2500791DB1 /* VideoPlayerView.swift */,
				8C2F3FBF28B605CF003A1AA3 /* Assets.xcassets */,
				8C7DA55428D1BEC900791DB1 /* Assets.xcassets */,
				8C7DA54E28D1AFC900791DB1 /* Login.jpg */,
				8C7DA54F28D1AFC900791DB1 /* Register.jpg */,
				8C2F3FC128B605CF003A1AA3 /* LaunchScreen.storyboard */,
				8C2F3FC428B605CF003A1AA3 /* Info.plist */,
			);
			path = Campstagram;
			sourceTree = "<group>";
		};
		8C34084228C5C74400DB7A66 /* Trade */ = {
			isa = PBXGroup;
			children = (
				8C34084D28C5D27A00DB7A66 /* TradeResultViewController.swift */,
				8C34084928C5CBC800DB7A66 /* TradeTableViewCell.swift */,
				8C34084A28C5CBC800DB7A66 /* TradeTableViewCell.xib */,
				8C34084728C5C88200DB7A66 /* TradeViewController.swift */,
			);
			path = Trade;
			sourceTree = "<group>";
		};
		8C34084328C5C76A00DB7A66 /* ViewController */ = {
			isa = PBXGroup;
			children = (
				8C7D3B5728BFA5440067F028 /* ProfileViewController.swift */,
			);
			path = ViewController;
			sourceTree = "<group>";
		};
		8C34084428C5C78600DB7A66 /* ViewController */ = {
			isa = PBXGroup;
			children = (
				8C8966A428BDED8300F7200D /* HomeViewController.swift */,
			);
			path = ViewController;
			sourceTree = "<group>";
		};
		8C34084528C5C7A600DB7A66 /* Login */ = {
			isa = PBXGroup;
			children = (
				8C2F3FCA28B61BA4003A1AA3 /* LoginViewController.swift */,
				8C2F3FCC28B6202B003A1AA3 /* RegisterViewController.swift */,
				8C95C49228BBB14200E7351E /* UserInfo.swift */,
			);
			path = Login;
			sourceTree = "<group>";
		};
		8C34084628C5C7D900DB7A66 /* Extension */ = {
			isa = PBXGroup;
			children = (
				8C95C48E28B90EEF00E7351E /* UIView+Extension.swift */,
				8C95C49028B9109200E7351E /* UIVIewController+Extension.swift */,
			);
			path = Extension;
			sourceTree = "<group>";
		};
		8C34084F28C5E49600DB7A66 /* FeedDataManager */ = {
			isa = PBXGroup;
			children = (
				8C34085028C5E4B900DB7A66 /* FeedAPIInput.swift */,
				8C34085228C5E56400DB7A66 /* FeedModel.swift */,
				8C34085428C5E5A200DB7A66 /* FeedDataManager.swift */,
			);
			path = FeedDataManager;
			sourceTree = "<group>";
		};
		8C7D3B5628BFA51D0067F028 /* Profile */ = {
			isa = PBXGroup;
			children = (
				8C2350C428C720CB007900F9 /* UserFeedDataManager */,
				8C34084328C5C76A00DB7A66 /* ViewController */,
				8C7D3B5928BFA83D0067F028 /* Cell */,
			);
			path = Profile;
			sourceTree = "<group>";
		};
		8C7D3B5928BFA83D0067F028 /* Cell */ = {
			isa = PBXGroup;
			children = (
				8C274EDF28C10B7800396984 /* PostCell */,
				8C274EDE28C10B6700396984 /* ProfileCell */,
			);
			path = Cell;
			sourceTree = "<group>";
		};
		8C8966A328BDED5800F7200D /* Home */ = {
			isa = PBXGroup;
			children = (
				8C2350BC28C71A1D007900F9 /* FeedUploadDataManager */,
				8C34084F28C5E49600DB7A66 /* FeedDataManager */,
				8C34084428C5C78600DB7A66 /* ViewController */,
				8C8966A628BDF04E00F7200D /* Cell */,
			);
			path = Home;
			sourceTree = "<group>";
		};
		8C8966A628BDF04E00F7200D /* Cell */ = {
			isa = PBXGroup;
			children = (
				8C8966A728BDF08400F7200D /* FeedTableViewCell.swift */,
				8C8966A828BDF08400F7200D /* FeedTableViewCell.xib */,
				8C8966AB28BE066B00F7200D /* StoryTableViewCell.swift */,
				8C8966AC28BE066B00F7200D /* StoryTableViewCell.xib */,
				8C8966AF28BE0AF900F7200D /* StoryCollectionViewCell.swift */,
				8C8966B028BE0AF900F7200D /* StoryCollectionViewCell.xib */,
			);
			path = Cell;
			sourceTree = "<group>";
		};
		FFCF421500C1FCB11CC705F0 /* Frameworks */ = {
			isa = PBXGroup;
			children = (
				8C7DA53428D068E200791DB1 /* Alamofire.framework */,
				8C7DA52D28D0680100791DB1 /* Alamofire.framework */,
				DFD3ED3F578F152A67782A75 /* Pods_Campstagram.framework */,
			);
			name = Frameworks;
			sourceTree = "<group>";
		};
/* End PBXGroup section */

/* Begin PBXNativeTarget section */
		8C2F3FB228B605CE003A1AA3 /* Campstagram */ = {
			isa = PBXNativeTarget;
			buildConfigurationList = 8C2F3FC728B605CF003A1AA3 /* Build configuration list for PBXNativeTarget "Campstagram" */;
			buildPhases = (
				D963FBEDD98CEE8379A72022 /* [CP] Check Pods Manifest.lock */,
				8C2F3FAF28B605CE003A1AA3 /* Sources */,
				8C2F3FB028B605CE003A1AA3 /* Frameworks */,
				8C2F3FB128B605CE003A1AA3 /* Resources */,
				18C34BD467E46D9745AD5AC1 /* [CP] Embed Pods Frameworks */,
			);
			buildRules = (
			);
			dependencies = (
			);
			name = Campstagram;
			packageProductDependencies = (
				8C2350BA28C5ECE9007900F9 /* Kingfisher */,
				8C7DA53C28D06BFE00791DB1 /* SnapKit */,
			);
			productName = Campstagram;
			productReference = 8C2F3FB328B605CE003A1AA3 /* Campstagram.app */;
			productType = "com.apple.product-type.application";
		};
/* End PBXNativeTarget section */

/* Begin PBXProject section */
		8C2F3FAB28B605CE003A1AA3 /* Project object */ = {
			isa = PBXProject;
			attributes = {
				BuildIndependentTargetsInParallel = 1;
				LastSwiftUpdateCheck = 1340;
				LastUpgradeCheck = 1340;
				TargetAttributes = {
					8C2F3FB228B605CE003A1AA3 = {
						CreatedOnToolsVersion = 13.4.1;
					};
				};
			};
			buildConfigurationList = 8C2F3FAE28B605CE003A1AA3 /* Build configuration list for PBXProject "Campstagram" */;
			compatibilityVersion = "Xcode 13.0";
			developmentRegion = en;
			hasScannedForEncodings = 0;
			knownRegions = (
				en,
				Base,
			);
			mainGroup = 8C2F3FAA28B605CE003A1AA3;
			packageReferences = (
				8C2350B928C5ECE9007900F9 /* XCRemoteSwiftPackageReference "Kingfisher" */,
				8C7DA53B28D06BFE00791DB1 /* XCRemoteSwiftPackageReference "SnapKit" */,
			);
			productRefGroup = 8C2F3FB428B605CE003A1AA3 /* Products */;
			projectDirPath = "";
			projectRoot = "";
			targets = (
				8C2F3FB228B605CE003A1AA3 /* Campstagram */,
			);
		};
/* End PBXProject section */

/* Begin PBXResourcesBuildPhase section */
		8C2F3FB128B605CE003A1AA3 /* Resources */ = {
			isa = PBXResourcesBuildPhase;
			buildActionMask = 2147483647;
			files = (
				8C7DA55128D1AFC900791DB1 /* Register.jpg in Resources */,
				8C274EE328C10B9600396984 /* PostCollectionViewCell.xib in Resources */,
				8C2F3FC328B605CF003A1AA3 /* LaunchScreen.storyboard in Resources */,
				8C34084C28C5CBC800DB7A66 /* TradeTableViewCell.xib in Resources */,
				8C7DA55528D1BEC900791DB1 /* Assets.xcassets in Resources */,
				8C8966AA28BDF08400F7200D /* FeedTableViewCell.xib in Resources */,
				8C2F3FC028B605CF003A1AA3 /* Assets.xcassets in Resources */,
				8C7D3B5D28BFA8630067F028 /* ProfileCollectionViewCell.xib in Resources */,
				8C7DA54728D0778B00791DB1 /* dummyVideo2.mp4 in Resources */,
				8C7DA55028D1AFC900791DB1 /* Login.jpg in Resources */,
				8C8966AE28BE066B00F7200D /* StoryTableViewCell.xib in Resources */,
				8C7DA54528D0776800791DB1 /* dummyVideo.mp4 in Resources */,
				8C7DA55328D1BDC900791DB1 /* campuslogo.png in Resources */,
				8C8966B228BE0AF900F7200D /* StoryCollectionViewCell.xib in Resources */,
				8C2F3FBE28B605CE003A1AA3 /* Main.storyboard in Resources */,
			);
			runOnlyForDeploymentPostprocessing = 0;
		};
/* End PBXResourcesBuildPhase section */

/* Begin PBXShellScriptBuildPhase section */
		18C34BD467E46D9745AD5AC1 /* [CP] Embed Pods Frameworks */ = {
			isa = PBXShellScriptBuildPhase;
			buildActionMask = 2147483647;
			files = (
			);
			inputFileListPaths = (
				"${PODS_ROOT}/Target Support Files/Pods-Campstagram/Pods-Campstagram-frameworks-${CONFIGURATION}-input-files.xcfilelist",
			);
			name = "[CP] Embed Pods Frameworks";
			outputFileListPaths = (
				"${PODS_ROOT}/Target Support Files/Pods-Campstagram/Pods-Campstagram-frameworks-${CONFIGURATION}-output-files.xcfilelist",
			);
			runOnlyForDeploymentPostprocessing = 0;
			shellPath = /bin/sh;
			shellScript = "\"${PODS_ROOT}/Target Support Files/Pods-Campstagram/Pods-Campstagram-frameworks.sh\"\n";
			showEnvVarsInLog = 0;
		};
		D963FBEDD98CEE8379A72022 /* [CP] Check Pods Manifest.lock */ = {
			isa = PBXShellScriptBuildPhase;
			buildActionMask = 2147483647;
			files = (
			);
			inputFileListPaths = (
			);
			inputPaths = (
				"${PODS_PODFILE_DIR_PATH}/Podfile.lock",
				"${PODS_ROOT}/Manifest.lock",
			);
			name = "[CP] Check Pods Manifest.lock";
			outputFileListPaths = (
			);
			outputPaths = (
				"$(DERIVED_FILE_DIR)/Pods-Campstagram-checkManifestLockResult.txt",
			);
			runOnlyForDeploymentPostprocessing = 0;
			shellPath = /bin/sh;
			shellScript = "diff \"${PODS_PODFILE_DIR_PATH}/Podfile.lock\" \"${PODS_ROOT}/Manifest.lock\" > /dev/null\nif [ $? != 0 ] ; then\n    # print error to STDERR\n    echo \"error: The sandbox is not in sync with the Podfile.lock. Run 'pod install' or update your CocoaPods installation.\" >&2\n    exit 1\nfi\n# This output is used by Xcode 'outputs' to avoid re-running this script phase.\necho \"SUCCESS\" > \"${SCRIPT_OUTPUT_FILE_0}\"\n";
			showEnvVarsInLog = 0;
		};
/* End PBXShellScriptBuildPhase section */

/* Begin PBXSourcesBuildPhase section */
		8C2F3FAF28B605CE003A1AA3 /* Sources */ = {
			isa = PBXSourcesBuildPhase;
			buildActionMask = 2147483647;
			files = (
				8C95C49128B9109200E7351E /* UIVIewController+Extension.swift in Sources */,
				8C95C48F28B90EEF00E7351E /* UIView+Extension.swift in Sources */,
				8C2350C228C71B80007900F9 /* FeedUploadDataManager.swift in Sources */,
				8C2F3FCB28B61BA4003A1AA3 /* LoginViewController.swift in Sources */,
				8C2F3FCD28B6202B003A1AA3 /* RegisterViewController.swift in Sources */,
				8C2350BE28C71A4A007900F9 /* FeedUploadInput.swift in Sources */,
				8C34085328C5E56400DB7A66 /* FeedModel.swift in Sources */,
				8C34084B28C5CBC800DB7A66 /* TradeTableViewCell.swift in Sources */,
				8C274EE228C10B9600396984 /* PostCollectionViewCell.swift in Sources */,
				8C2350CA28C8A0C8007900F9 /* DeleteUserFeed.swift in Sources */,
				8C7DA53F28D06C5E00791DB1 /* ReelsCollectionCell.swift in Sources */,
				8C7D3B5C28BFA8630067F028 /* ProfileCollectionViewCell.swift in Sources */,
				8C34085128C5E4B900DB7A66 /* FeedAPIInput.swift in Sources */,
				8C2350CC28C9D31B007900F9 /* ReelsViewController.swift in Sources */,
				8C34085528C5E5A200DB7A66 /* FeedDataManager.swift in Sources */,
				8C7DA54128D06E2500791DB1 /* VideoPlayerView.swift in Sources */,
				8C2350C628C720FB007900F9 /* UserFeedModel.swift in Sources */,
				8C34084828C5C88200DB7A66 /* TradeViewController.swift in Sources */,
				8C7D3B5828BFA5440067F028 /* ProfileViewController.swift in Sources */,
				8C95C49328BBB14200E7351E /* UserInfo.swift in Sources */,
				8C8966A528BDED8300F7200D /* HomeViewController.swift in Sources */,
				8C2350C828C724ED007900F9 /* UserFeedDataManager.swift in Sources */,
				8C2F3FBB28B605CE003A1AA3 /* ViewController.swift in Sources */,
				8C2F3FB728B605CE003A1AA3 /* AppDelegate.swift in Sources */,
				8C8966B128BE0AF900F7200D /* StoryCollectionViewCell.swift in Sources */,
				8C2350C028C71AB2007900F9 /* FeedUploadModel.swift in Sources */,
				8C34084E28C5D27A00DB7A66 /* TradeResultViewController.swift in Sources */,
				8C2F3FB928B605CE003A1AA3 /* SceneDelegate.swift in Sources */,
				8C8966A928BDF08400F7200D /* FeedTableViewCell.swift in Sources */,
				8C8966AD28BE066B00F7200D /* StoryTableViewCell.swift in Sources */,
			);
			runOnlyForDeploymentPostprocessing = 0;
		};
/* End PBXSourcesBuildPhase section */

/* Begin PBXVariantGroup section */
		8C2F3FBC28B605CE003A1AA3 /* Main.storyboard */ = {
			isa = PBXVariantGroup;
			children = (
				8C2F3FBD28B605CE003A1AA3 /* Base */,
			);
			name = Main.storyboard;
			sourceTree = "<group>";
		};
		8C2F3FC128B605CF003A1AA3 /* LaunchScreen.storyboard */ = {
			isa = PBXVariantGroup;
			children = (
				8C2F3FC228B605CF003A1AA3 /* Base */,
			);
			name = LaunchScreen.storyboard;
			sourceTree = "<group>";
		};
/* End PBXVariantGroup section */

/* Begin XCBuildConfiguration section */
		8C2F3FC528B605CF003A1AA3 /* Debug */ = {
			isa = XCBuildConfiguration;
			buildSettings = {
				ALWAYS_SEARCH_USER_PATHS = NO;
				CLANG_ANALYZER_NONNULL = YES;
				CLANG_ANALYZER_NUMBER_OBJECT_CONVERSION = YES_AGGRESSIVE;
				CLANG_CXX_LANGUAGE_STANDARD = "gnu++17";
				CLANG_ENABLE_MODULES = YES;
				CLANG_ENABLE_OBJC_ARC = YES;
				CLANG_ENABLE_OBJC_WEAK = YES;
				CLANG_WARN_BLOCK_CAPTURE_AUTORELEASING = YES;
				CLANG_WARN_BOOL_CONVERSION = YES;
				CLANG_WARN_COMMA = YES;
				CLANG_WARN_CONSTANT_CONVERSION = YES;
				CLANG_WARN_DEPRECATED_OBJC_IMPLEMENTATIONS = YES;
				CLANG_WARN_DIRECT_OBJC_ISA_USAGE = YES_ERROR;
				CLANG_WARN_DOCUMENTATION_COMMENTS = YES;
				CLANG_WARN_EMPTY_BODY = YES;
				CLANG_WARN_ENUM_CONVERSION = YES;
				CLANG_WARN_INFINITE_RECURSION = YES;
				CLANG_WARN_INT_CONVERSION = YES;
				CLANG_WARN_NON_LITERAL_NULL_CONVERSION = YES;
				CLANG_WARN_OBJC_IMPLICIT_RETAIN_SELF = YES;
				CLANG_WARN_OBJC_LITERAL_CONVERSION = YES;
				CLANG_WARN_OBJC_ROOT_CLASS = YES_ERROR;
				CLANG_WARN_QUOTED_INCLUDE_IN_FRAMEWORK_HEADER = YES;
				CLANG_WARN_RANGE_LOOP_ANALYSIS = YES;
				CLANG_WARN_STRICT_PROTOTYPES = YES;
				CLANG_WARN_SUSPICIOUS_MOVE = YES;
				CLANG_WARN_UNGUARDED_AVAILABILITY = YES_AGGRESSIVE;
				CLANG_WARN_UNREACHABLE_CODE = YES;
				CLANG_WARN__DUPLICATE_METHOD_MATCH = YES;
				COPY_PHASE_STRIP = NO;
				DEBUG_INFORMATION_FORMAT = dwarf;
				ENABLE_STRICT_OBJC_MSGSEND = YES;
				ENABLE_TESTABILITY = YES;
				GCC_C_LANGUAGE_STANDARD = gnu11;
				GCC_DYNAMIC_NO_PIC = NO;
				GCC_NO_COMMON_BLOCKS = YES;
				GCC_OPTIMIZATION_LEVEL = 0;
				GCC_PREPROCESSOR_DEFINITIONS = (
					"DEBUG=1",
					"$(inherited)",
				);
				GCC_WARN_64_TO_32_BIT_CONVERSION = YES;
				GCC_WARN_ABOUT_RETURN_TYPE = YES_ERROR;
				GCC_WARN_UNDECLARED_SELECTOR = YES;
				GCC_WARN_UNINITIALIZED_AUTOS = YES_AGGRESSIVE;
				GCC_WARN_UNUSED_FUNCTION = YES;
				GCC_WARN_UNUSED_VARIABLE = YES;
				IPHONEOS_DEPLOYMENT_TARGET = 15.5;
				MTL_ENABLE_DEBUG_INFO = INCLUDE_SOURCE;
				MTL_FAST_MATH = YES;
				ONLY_ACTIVE_ARCH = YES;
				SDKROOT = iphoneos;
				SWIFT_ACTIVE_COMPILATION_CONDITIONS = DEBUG;
				SWIFT_OPTIMIZATION_LEVEL = "-Onone";
			};
			name = Debug;
		};
		8C2F3FC628B605CF003A1AA3 /* Release */ = {
			isa = XCBuildConfiguration;
			buildSettings = {
				ALWAYS_SEARCH_USER_PATHS = NO;
				CLANG_ANALYZER_NONNULL = YES;
				CLANG_ANALYZER_NUMBER_OBJECT_CONVERSION = YES_AGGRESSIVE;
				CLANG_CXX_LANGUAGE_STANDARD = "gnu++17";
				CLANG_ENABLE_MODULES = YES;
				CLANG_ENABLE_OBJC_ARC = YES;
				CLANG_ENABLE_OBJC_WEAK = YES;
				CLANG_WARN_BLOCK_CAPTURE_AUTORELEASING = YES;
				CLANG_WARN_BOOL_CONVERSION = YES;
				CLANG_WARN_COMMA = YES;
				CLANG_WARN_CONSTANT_CONVERSION = YES;
				CLANG_WARN_DEPRECATED_OBJC_IMPLEMENTATIONS = YES;
				CLANG_WARN_DIRECT_OBJC_ISA_USAGE = YES_ERROR;
				CLANG_WARN_DOCUMENTATION_COMMENTS = YES;
				CLANG_WARN_EMPTY_BODY = YES;
				CLANG_WARN_ENUM_CONVERSION = YES;
				CLANG_WARN_INFINITE_RECURSION = YES;
				CLANG_WARN_INT_CONVERSION = YES;
				CLANG_WARN_NON_LITERAL_NULL_CONVERSION = YES;
				CLANG_WARN_OBJC_IMPLICIT_RETAIN_SELF = YES;
				CLANG_WARN_OBJC_LITERAL_CONVERSION = YES;
				CLANG_WARN_OBJC_ROOT_CLASS = YES_ERROR;
				CLANG_WARN_QUOTED_INCLUDE_IN_FRAMEWORK_HEADER = YES;
				CLANG_WARN_RANGE_LOOP_ANALYSIS = YES;
				CLANG_WARN_STRICT_PROTOTYPES = YES;
				CLANG_WARN_SUSPICIOUS_MOVE = YES;
				CLANG_WARN_UNGUARDED_AVAILABILITY = YES_AGGRESSIVE;
				CLANG_WARN_UNREACHABLE_CODE = YES;
				CLANG_WARN__DUPLICATE_METHOD_MATCH = YES;
				COPY_PHASE_STRIP = NO;
				DEBUG_INFORMATION_FORMAT = "dwarf-with-dsym";
				ENABLE_NS_ASSERTIONS = NO;
				ENABLE_STRICT_OBJC_MSGSEND = YES;
				GCC_C_LANGUAGE_STANDARD = gnu11;
				GCC_NO_COMMON_BLOCKS = YES;
				GCC_WARN_64_TO_32_BIT_CONVERSION = YES;
				GCC_WARN_ABOUT_RETURN_TYPE = YES_ERROR;
				GCC_WARN_UNDECLARED_SELECTOR = YES;
				GCC_WARN_UNINITIALIZED_AUTOS = YES_AGGRESSIVE;
				GCC_WARN_UNUSED_FUNCTION = YES;
				GCC_WARN_UNUSED_VARIABLE = YES;
				IPHONEOS_DEPLOYMENT_TARGET = 15.5;
				MTL_ENABLE_DEBUG_INFO = NO;
				MTL_FAST_MATH = YES;
				SDKROOT = iphoneos;
				SWIFT_COMPILATION_MODE = wholemodule;
				SWIFT_OPTIMIZATION_LEVEL = "-O";
				VALIDATE_PRODUCT = YES;
			};
			name = Release;
		};
		8C2F3FC828B605CF003A1AA3 /* Debug */ = {
			isa = XCBuildConfiguration;
			baseConfigurationReference = 58A209D5AA5A8F66EECFEEC6 /* Pods-Campstagram.debug.xcconfig */;
			buildSettings = {
				ASSETCATALOG_COMPILER_APPICON_NAME = AppIcon;
				ASSETCATALOG_COMPILER_GLOBAL_ACCENT_COLOR_NAME = AccentColor;
				CODE_SIGN_STYLE = Automatic;
				CURRENT_PROJECT_VERSION = 1;
				DEVELOPMENT_TEAM = F2PAPBBTST;
				GENERATE_INFOPLIST_FILE = YES;
				INFOPLIST_FILE = Campstagram/Info.plist;
				INFOPLIST_KEY_CFBundleDisplayName = "Camp-US";
				INFOPLIST_KEY_UIApplicationSupportsIndirectInputEvents = YES;
				INFOPLIST_KEY_UILaunchStoryboardName = LaunchScreen;
				INFOPLIST_KEY_UIMainStoryboardFile = Main;
				INFOPLIST_KEY_UISupportedInterfaceOrientations_iPad = "UIInterfaceOrientationPortrait UIInterfaceOrientationPortraitUpsideDown UIInterfaceOrientationLandscapeLeft UIInterfaceOrientationLandscapeRight";
				INFOPLIST_KEY_UISupportedInterfaceOrientations_iPhone = "UIInterfaceOrientationPortrait UIInterfaceOrientationLandscapeLeft UIInterfaceOrientationLandscapeRight";
				LD_RUNPATH_SEARCH_PATHS = (
					"$(inherited)",
					"@executable_path/Frameworks",
				);
				MARKETING_VERSION = 1.0;
				PRODUCT_BUNDLE_IDENTIFIER = com.gyeongdeok.Campstagram;
				PRODUCT_NAME = "$(TARGET_NAME)";
				SWIFT_EMIT_LOC_STRINGS = YES;
				SWIFT_VERSION = 5.0;
				TARGETED_DEVICE_FAMILY = 1;
			};
			name = Debug;
		};
		8C2F3FC928B605CF003A1AA3 /* Release */ = {
			isa = XCBuildConfiguration;
			baseConfigurationReference = F6A616ECA9BA36559DAA91A8 /* Pods-Campstagram.release.xcconfig */;
			buildSettings = {
				ASSETCATALOG_COMPILER_APPICON_NAME = AppIcon;
				ASSETCATALOG_COMPILER_GLOBAL_ACCENT_COLOR_NAME = AccentColor;
				CODE_SIGN_STYLE = Automatic;
				CURRENT_PROJECT_VERSION = 1;
				DEVELOPMENT_TEAM = F2PAPBBTST;
				GENERATE_INFOPLIST_FILE = YES;
				INFOPLIST_FILE = Campstagram/Info.plist;
				INFOPLIST_KEY_CFBundleDisplayName = "Camp-US";
				INFOPLIST_KEY_UIApplicationSupportsIndirectInputEvents = YES;
				INFOPLIST_KEY_UILaunchStoryboardName = LaunchScreen;
				INFOPLIST_KEY_UIMainStoryboardFile = Main;
				INFOPLIST_KEY_UISupportedInterfaceOrientations_iPad = "UIInterfaceOrientationPortrait UIInterfaceOrientationPortraitUpsideDown UIInterfaceOrientationLandscapeLeft UIInterfaceOrientationLandscapeRight";
				INFOPLIST_KEY_UISupportedInterfaceOrientations_iPhone = "UIInterfaceOrientationPortrait UIInterfaceOrientationLandscapeLeft UIInterfaceOrientationLandscapeRight";
				LD_RUNPATH_SEARCH_PATHS = (
					"$(inherited)",
					"@executable_path/Frameworks",
				);
				MARKETING_VERSION = 1.0;
				PRODUCT_BUNDLE_IDENTIFIER = com.gyeongdeok.Campstagram;
				PRODUCT_NAME = "$(TARGET_NAME)";
				SWIFT_EMIT_LOC_STRINGS = YES;
				SWIFT_VERSION = 5.0;
				TARGETED_DEVICE_FAMILY = 1;
			};
			name = Release;
		};
/* End XCBuildConfiguration section */

/* Begin XCConfigurationList section */
		8C2F3FAE28B605CE003A1AA3 /* Build configuration list for PBXProject "Campstagram" */ = {
			isa = XCConfigurationList;
			buildConfigurations = (
				8C2F3FC528B605CF003A1AA3 /* Debug */,
				8C2F3FC628B605CF003A1AA3 /* Release */,
			);
			defaultConfigurationIsVisible = 0;
			defaultConfigurationName = Release;
		};
		8C2F3FC728B605CF003A1AA3 /* Build configuration list for PBXNativeTarget "Campstagram" */ = {
			isa = XCConfigurationList;
			buildConfigurations = (
				8C2F3FC828B605CF003A1AA3 /* Debug */,
				8C2F3FC928B605CF003A1AA3 /* Release */,
			);
			defaultConfigurationIsVisible = 0;
			defaultConfigurationName = Release;
		};
/* End XCConfigurationList section */

/* Begin XCRemoteSwiftPackageReference section */
		8C2350B928C5ECE9007900F9 /* XCRemoteSwiftPackageReference "Kingfisher" */ = {
			isa = XCRemoteSwiftPackageReference;
			repositoryURL = "https://github.com/onevcat/Kingfisher.git";
			requirement = {
				branch = master;
				kind = branch;
			};
		};
		8C7DA53B28D06BFE00791DB1 /* XCRemoteSwiftPackageReference "SnapKit" */ = {
			isa = XCRemoteSwiftPackageReference;
			repositoryURL = "https://github.com/SnapKit/SnapKit.git";
			requirement = {
				branch = develop;
				kind = branch;
			};
		};
/* End XCRemoteSwiftPackageReference section */

/* Begin XCSwiftPackageProductDependency section */
		8C2350BA28C5ECE9007900F9 /* Kingfisher */ = {
			isa = XCSwiftPackageProductDependency;
			package = 8C2350B928C5ECE9007900F9 /* XCRemoteSwiftPackageReference "Kingfisher" */;
			productName = Kingfisher;
		};
		8C7DA53C28D06BFE00791DB1 /* SnapKit */ = {
			isa = XCSwiftPackageProductDependency;
			package = 8C7DA53B28D06BFE00791DB1 /* XCRemoteSwiftPackageReference "SnapKit" */;
			productName = SnapKit;
		};
/* End XCSwiftPackageProductDependency section */
	};
	rootObject = 8C2F3FAB28B605CE003A1AA3 /* Project object */;
}
